
Microsoft Visual Studio Solution File, Format Version 12.00
# Visual Studio Version 16
VisualStudioVersion = 25.0.1706.0
MinimumVisualStudioVersion = 10.0.40219.1
Project("{FAE04EC0-301F-11D3-BF4B-00C04F79EFBC}") = "SagaFlow", "SagaFlow\SagaFlow.csproj", "{D0E7C26A-4361-40EF-A8E4-9A496E5AC416}"
EndProject
Project("{2150E333-8FDC-42A3-9474-1A3956D46DE8}") = "Samples", "Samples", "{91F6F62E-B150-402C-B9EA-F24CD51753A4}"
EndProject
Project("{FAE04EC0-301F-11D3-BF4B-00C04F79EFBC}") = "SimpleMvcExample", "Samples\SimpleMvcExample\SimpleMvcExample.csproj", "{F1B484D4-B622-4F34-A782-BED9458A02B1}"
EndProject
Project("{FAE04EC0-301F-11D3-BF4B-00C04F79EFBC}") = "SimpleMvcExample.Messages", "Samples\SimpleMvcExample.Messages\SimpleMvcExample.Messages.csproj", "{BD526057-D6AA-4490-9D33-E49BC13A9C1A}"
EndProject
Project("{2150E333-8FDC-42A3-9474-1A3956D46DE8}") = "Solution Items", "Solution Items", "{0554112F-3950-4B2D-B0A5-3F3BB9765ABB}"
	ProjectSection(SolutionItems) = preProject
		README.md = README.md
	EndProjectSection
EndProject
Global
	GlobalSection(SolutionConfigurationPlatforms) = preSolution
		Debug|Any CPU = Debug|Any CPU
		Release|Any CPU = Release|Any CPU
	EndGlobalSection
	GlobalSection(ProjectConfigurationPlatforms) = postSolution
		{D0E7C26A-4361-40EF-A8E4-9A496E5AC416}.Debug|Any CPU.ActiveCfg = Debug|Any CPU
		{D0E7C26A-4361-40EF-A8E4-9A496E5AC416}.Debug|Any CPU.Build.0 = Debug|Any CPU
		{D0E7C26A-4361-40EF-A8E4-9A496E5AC416}.Release|Any CPU.ActiveCfg = Release|Any CPU
		{D0E7C26A-4361-40EF-A8E4-9A496E5AC416}.Release|Any CPU.Build.0 = Release|Any CPU
		{F1B484D4-B622-4F34-A782-BED9458A02B1}.Debug|Any CPU.ActiveCfg = Debug|Any CPU
		{F1B484D4-B622-4F34-A782-BED9458A02B1}.Debug|Any CPU.Build.0 = Debug|Any CPU
		{F1B484D4-B622-4F34-A782-BED9458A02B1}.Release|Any CPU.ActiveCfg = Release|Any CPU
		{F1B484D4-B622-4F34-A782-BED9458A02B1}.Release|Any CPU.Build.0 = Release|Any CPU
		{BD526057-D6AA-4490-9D33-E49BC13A9C1A}.Debug|Any CPU.ActiveCfg = Debug|Any CPU
		{BD526057-D6AA-4490-9D33-E49BC13A9C1A}.Debug|Any CPU.Build.0 = Debug|Any CPU
		{BD526057-D6AA-4490-9D33-E49BC13A9C1A}.Release|Any CPU.ActiveCfg = Release|Any CPU
		{BD526057-D6AA-4490-9D33-E49BC13A9C1A}.Release|Any CPU.Build.0 = Release|Any CPU
	EndGlobalSection
	GlobalSection(SolutionProperties) = preSolution
		HideSolutionNode = FALSE
	EndGlobalSection
	GlobalSection(ExtensibilityGlobals) = postSolution
		SolutionGuid = {DA785396-047C-4781-BC4A-F8A3A1AF7394}
	EndGlobalSection
	GlobalSection(NestedProjects) = preSolution
		{F1B484D4-B622-4F34-A782-BED9458A02B1} = {91F6F62E-B150-402C-B9EA-F24CD51753A4}
		{BD526057-D6AA-4490-9D33-E49BC13A9C1A} = {91F6F62E-B150-402C-B9EA-F24CD51753A4}
	EndGlobalSection
EndGlobal
